// !$*UTF8*$!
{
	archiveVersion = 1;
	classes = {
	};
	objectVersion = 50;
	objects = {

/* Begin PBXBuildFile section */
		88393A5A25E79A1700BCC98D /* SwiftUiDemoApp.swift in Sources */ = {isa = PBXBuildFile; fileRef = 88393A5925E79A1700BCC98D /* SwiftUiDemoApp.swift */; };
		88393A5C25E79A1700BCC98D /* ContentView.swift in Sources */ = {isa = PBXBuildFile; fileRef = 88393A5B25E79A1700BCC98D /* ContentView.swift */; };
		88393A5E25E79A1800BCC98D /* Assets.xcassets in Resources */ = {isa = PBXBuildFile; fileRef = 88393A5D25E79A1800BCC98D /* Assets.xcassets */; };
		88393A6125E79A1800BCC98D /* Preview Assets.xcassets in Resources */ = {isa = PBXBuildFile; fileRef = 88393A6025E79A1800BCC98D /* Preview Assets.xcassets */; };
		88393A6A25E79FC000BCC98D /* Circulimage.swift in Sources */ = {isa = PBXBuildFile; fileRef = 88393A6925E79FC000BCC98D /* Circulimage.swift */; };
		88393A6D25E7A62700BCC98D /* MapView.swift in Sources */ = {isa = PBXBuildFile; fileRef = 88393A6C25E7A62700BCC98D /* MapView.swift */; };
/* End PBXBuildFile section */

/* Begin PBXFileReference section */
		88393A5625E79A1700BCC98D /* SwiftUiDemo.app */ = {isa = PBXFileReference; explicitFileType = wrapper.application; includeInIndex = 0; path = SwiftUiDemo.app; sourceTree = BUILT_PRODUCTS_DIR; };
		88393A5925E79A1700BCC98D /* SwiftUiDemoApp.swift */ = {isa = PBXFileReference; lastKnownFileType = sourcecode.swift; path = SwiftUiDemoApp.swift; sourceTree = "<group>"; };
		88393A5B25E79A1700BCC98D /* ContentView.swift */ = {isa = PBXFileReference; lastKnownFileType = sourcecode.swift; path = ContentView.swift; sourceTree = "<group>"; };
		88393A5D25E79A1800BCC98D /* Assets.xcassets */ = {isa = PBXFileReference; lastKnownFileType = folder.assetcatalog; path = Assets.xcassets; sourceTree = "<group>"; };
		88393A6025E79A1800BCC98D /* Preview Assets.xcassets */ = {isa = PBXFileReference; lastKnownFileType = folder.assetcatalog; path = "Preview Assets.xcassets"; sourceTree = "<group>"; };
		88393A6225E79A1800BCC98D /* Info.plist */ = {isa = PBXFileReference; lastKnownFileType = text.plist.xml; path = Info.plist; sourceTree = "<group>"; };
		88393A6925E79FC000BCC98D /* Circulimage.swift */ = {isa = PBXFileReference; lastKnownFileType = sourcecode.swift; path = Circulimage.swift; sourceTree = "<group>"; };
		88393A6C25E7A62700BCC98D /* MapView.swift */ = {isa = PBXFileReference; lastKnownFileType = sourcecode.swift; path = MapView.swift; sourceTree = "<group>"; };
/* End PBXFileReference section */

/* Begin PBXFrameworksBuildPhase section */
		88393A5325E79A1700BCC98D /* Frameworks */ = {
			isa = PBXFrameworksBuildPhase;
			buildActionMask = 2147483647;
			files = (
			);
			runOnlyForDeploymentPostprocessing = 0;
		};
/* End PBXFrameworksBuildPhase section */

/* Begin PBXGroup section */
		88393A4D25E79A1700BCC98D = {
			isa = PBXGroup;
			children = (
				88393A5825E79A1700BCC98D /* SwiftUiDemo */,
				88393A5725E79A1700BCC98D /* Products */,
			);
			sourceTree = "<group>";
		};
		88393A5725E79A1700BCC98D /* Products */ = {
			isa = PBXGroup;
			children = (
				88393A5625E79A1700BCC98D /* SwiftUiDemo.app */,
			);
			name = Products;
			sourceTree = "<group>";
		};
		88393A5825E79A1700BCC98D /* SwiftUiDemo */ = {
			isa = PBXGroup;
			children = (
				88393A5925E79A1700BCC98D /* SwiftUiDemoApp.swift */,
				88393A7325E7A64700BCC98D /* Text View */,
				88393A7225E7A63400BCC98D /* Circul Image  */,
				88393A6F25E7A62C00BCC98D /* MapView */,
				88393A5D25E79A1800BCC98D /* Assets.xcassets */,
				88393A6225E79A1800BCC98D /* Info.plist */,
				88393A5F25E79A1800BCC98D /* Preview Content */,
			);
			path = SwiftUiDemo;
			sourceTree = "<group>";
		};
		88393A5F25E79A1800BCC98D /* Preview Content */ = {
			isa = PBXGroup;
			children = (
				88393A6025E79A1800BCC98D /* Preview Assets.xcassets */,
			);
			path = "Preview Content";
			sourceTree = "<group>";
		};
		88393A6F25E7A62C00BCC98D /* MapView */ = {
			isa = PBXGroup;
			children = (
				88393A6C25E7A62700BCC98D /* MapView.swift */,
			);
			path = MapView;
			sourceTree = "<group>";
		};
		88393A7225E7A63400BCC98D /* Circul Image  */ = {
			isa = PBXGroup;
			children = (
				88393A6925E79FC000BCC98D /* Circulimage.swift */,
			);
			path = "Circul Image ";
			sourceTree = "<group>";
		};
		88393A7325E7A64700BCC98D /* Text View */ = {
			isa = PBXGroup;
			children = (
				88393A5B25E79A1700BCC98D /* ContentView.swift */,
			);
			path = "Text View";
			sourceTree = "<group>";
		};
/* End PBXGroup section */

/* Begin PBXNativeTarget section */
		88393A5525E79A1700BCC98D /* SwiftUiDemo */ = {
			isa = PBXNativeTarget;
			buildConfigurationList = 88393A6525E79A1800BCC98D /* Build configuration list for PBXNativeTarget "SwiftUiDemo" */;
			buildPhases = (
				88393A5225E79A1700BCC98D /* Sources */,
				88393A5325E79A1700BCC98D /* Frameworks */,
				88393A5425E79A1700BCC98D /* Resources */,
			);
			buildRules = (
			);
			dependencies = (
			);
			name = SwiftUiDemo;
			productName = SwiftUiDemo;
			productReference = 88393A5625E79A1700BCC98D /* SwiftUiDemo.app */;
			productType = "com.apple.product-type.application";
		};
/* End PBXNativeTarget section */

/* Begin PBXProject section */
		88393A4E25E79A1700BCC98D /* Project object */ = {
			isa = PBXProject;
			attributes = {
				LastSwiftUpdateCheck = 1220;
				LastUpgradeCheck = 1220;
				TargetAttributes = {
					88393A5525E79A1700BCC98D = {
						CreatedOnToolsVersion = 12.2;
					};
				};
			};
			buildConfigurationList = 88393A5125E79A1700BCC98D /* Build configuration list for PBXProject "SwiftUiDemo" */;
			compatibilityVersion = "Xcode 9.3";
			developmentRegion = en;
			hasScannedForEncodings = 0;
			knownRegions = (
				en,
				Base,
			);
			mainGroup = 88393A4D25E79A1700BCC98D;
			productRefGroup = 88393A5725E79A1700BCC98D /* Products */;
			projectDirPath = "";
			projectRoot = "";
			targets = (
				88393A5525E79A1700BCC98D /* SwiftUiDemo */,
			);
		};
/* End PBXProject section */

/* Begin PBXResourcesBuildPhase section */
		88393A5425E79A1700BCC98D /* Resources */ = {
			isa = PBXResourcesBuildPhase;
			buildActionMask = 2147483647;
			files = (
				88393A6125E79A1800BCC98D /* Preview Assets.xcassets in Resources */,
				88393A5E25E79A1800BCC98D /* Assets.xcassets in Resources */,
			);
			runOnlyForDeploymentPostprocessing = 0;
		};
/* End PBXResourcesBuildPhase section */

/* Begin PBXSourcesBuildPhase section */
		88393A5225E79A1700BCC98D /* Sources */ = {
			isa = PBXSourcesBuildPhase;
			buildActionMask = 2147483647;
			files = (
				88393A5C25E79A1700BCC98D /* ContentView.swift in Sources */,
				88393A6D25E7A62700BCC98D /* MapView.swift in Sources */,
				88393A5A25E79A1700BCC98D /* SwiftUiDemoApp.swift in Sources */,
				88393A6A25E79FC000BCC98D /* Circulimage.swift in Sources */,
			);
			runOnlyForDeploymentPostprocessing = 0;
		};
/* End PBXSourcesBuildPhase section */

/* Begin XCBuildConfiguration section */
		88393A6325E79A1800BCC98D /* Debug */ = {
			isa = XCBuildConfiguration;
			buildSettings = {
				ALWAYS_SEARCH_USER_PATHS = NO;
				CLANG_ANALYZER_NONNULL = YES;
				CLANG_ANALYZER_NUMBER_OBJECT_CONVERSION = YES_AGGRESSIVE;
				CLANG_CXX_LANGUAGE_STANDARD = "gnu++14";
				CLANG_CXX_LIBRARY = "libc++";
				CLANG_ENABLE_MODULES = YES;
				CLANG_ENABLE_OBJC_ARC = YES;
				CLANG_ENABLE_OBJC_WEAK = YES;
				CLANG_WARN_BLOCK_CAPTURE_AUTORELEASING = YES;
				CLANG_WARN_BOOL_CONVERSION = YES;
				CLANG_WARN_COMMA = YES;
				CLANG_WARN_CONSTANT_CONVERSION = YES;
				CLANG_WARN_DEPRECATED_OBJC_IMPLEMENTATIONS = YES;
				CLANG_WARN_DIRECT_OBJC_ISA_USAGE = YES_ERROR;
				CLANG_WARN_DOCUMENTATION_COMMENTS = YES;
				CLANG_WARN_EMPTY_BODY = YES;
				CLANG_WARN_ENUM_CONVERSION = YES;
				CLANG_WARN_INFINITE_RECURSION = YES;
				CLANG_WARN_INT_CONVERSION = YES;
				CLANG_WARN_NON_LITERAL_NULL_CONVERSION = YES;
				CLANG_WARN_OBJC_IMPLICIT_RETAIN_SELF = YES;
				CLANG_WARN_OBJC_LITERAL_CONVERSION = YES;
				CLANG_WARN_OBJC_ROOT_CLASS = YES_ERROR;
				CLANG_WARN_QUOTED_INCLUDE_IN_FRAMEWORK_HEADER = YES;
				CLANG_WARN_RANGE_LOOP_ANALYSIS = YES;
				CLANG_WARN_STRICT_PROTOTYPES = YES;
				CLANG_WARN_SUSPICIOUS_MOVE = YES;
				CLANG_WARN_UNGUARDED_AVAILABILITY = YES_AGGRESSIVE;
				CLANG_WARN_UNREACHABLE_CODE = YES;
				CLANG_WARN__DUPLICATE_METHOD_MATCH = YES;
				COPY_PHASE_STRIP = NO;
				DEBUG_INFORMATION_FORMAT = dwarf;
				ENABLE_STRICT_OBJC_MSGSEND = YES;
				ENABLE_TESTABILITY = YES;
				GCC_C_LANGUAGE_STANDARD = gnu11;
				GCC_DYNAMIC_NO_PIC = NO;
				GCC_NO_COMMON_BLOCKS = YES;
				GCC_OPTIMIZATION_LEVEL = 0;
				GCC_PREPROCESSOR_DEFINITIONS = (
					"DEBUG=1",
					"$(inherited)",
				);
				GCC_WARN_64_TO_32_BIT_CONVERSION = YES;
				GCC_WARN_ABOUT_RETURN_TYPE = YES_ERROR;
				GCC_WARN_UNDECLARED_SELECTOR = YES;
				GCC_WARN_UNINITIALIZED_AUTOS = YES_AGGRESSIVE;
				GCC_WARN_UNUSED_FUNCTION = YES;
				GCC_WARN_UNUSED_VARIABLE = YES;
				IPHONEOS_DEPLOYMENT_TARGET = 14.2;
				MTL_ENABLE_DEBUG_INFO = INCLUDE_SOURCE;
				MTL_FAST_MATH = YES;
				ONLY_ACTIVE_ARCH = YES;
				SDKROOT = iphoneos;
				SWIFT_ACTIVE_COMPILATION_CONDITIONS = DEBUG;
				SWIFT_OPTIMIZATION_LEVEL = "-Onone";
			};
			name = Debug;
		};
		88393A6425E79A1800BCC98D /* Release */ = {
			isa = XCBuildConfiguration;
			buildSettings = {
				ALWAYS_SEARCH_USER_PATHS = NO;
				CLANG_ANALYZER_NONNULL = YES;
				CLANG_ANALYZER_NUMBER_OBJECT_CONVERSION = YES_AGGRESSIVE;
				CLANG_CXX_LANGUAGE_STANDARD = "gnu++14";
				CLANG_CXX_LIBRARY = "libc++";
				CLANG_ENABLE_MODULES = YES;
				CLANG_ENABLE_OBJC_ARC = YES;
				CLANG_ENABLE_OBJC_WEAK = YES;
				CLANG_WARN_BLOCK_CAPTURE_AUTORELEASING = YES;
				CLANG_WARN_BOOL_CONVERSION = YES;
				CLANG_WARN_COMMA = YES;
				CLANG_WARN_CONSTANT_CONVERSION = YES;
				CLANG_WARN_DEPRECATED_OBJC_IMPLEMENTATIONS = YES;
				CLANG_WARN_DIRECT_OBJC_ISA_USAGE = YES_ERROR;
				CLANG_WARN_DOCUMENTATION_COMMENTS = YES;
				CLANG_WARN_EMPTY_BODY = YES;
				CLANG_WARN_ENUM_CONVERSION = YES;
				CLANG_WARN_INFINITE_RECURSION = YES;
				CLANG_WARN_INT_CONVERSION = YES;
				CLANG_WARN_NON_LITERAL_NULL_CONVERSION = YES;
				CLANG_WARN_OBJC_IMPLICIT_RETAIN_SELF = YES;
				CLANG_WARN_OBJC_LITERAL_CONVERSION = YES;
				CLANG_WARN_OBJC_ROOT_CLASS = YES_ERROR;
				CLANG_WARN_QUOTED_INCLUDE_IN_FRAMEWORK_HEADER = YES;
				CLANG_WARN_RANGE_LOOP_ANALYSIS = YES;
				CLANG_WARN_STRICT_PROTOTYPES = YES;
				CLANG_WARN_SUSPICIOUS_MOVE = YES;
				CLANG_WARN_UNGUARDED_AVAILABILITY = YES_AGGRESSIVE;
				CLANG_WARN_UNREACHABLE_CODE = YES;
				CLANG_WARN__DUPLICATE_METHOD_MATCH = YES;
				COPY_PHASE_STRIP = NO;
				DEBUG_INFORMATION_FORMAT = "dwarf-with-dsym";
				ENABLE_NS_ASSERTIONS = NO;
				ENABLE_STRICT_OBJC_MSGSEND = YES;
				GCC_C_LANGUAGE_STANDARD = gnu11;
				GCC_NO_COMMON_BLOCKS = YES;
				GCC_WARN_64_TO_32_BIT_CONVERSION = YES;
				GCC_WARN_ABOUT_RETURN_TYPE = YES_ERROR;
				GCC_WARN_UNDECLARED_SELECTOR = YES;
				GCC_WARN_UNINITIALIZED_AUTOS = YES_AGGRESSIVE;
				GCC_WARN_UNUSED_FUNCTION = YES;
				GCC_WARN_UNUSED_VARIABLE = YES;
				IPHONEOS_DEPLOYMENT_TARGET = 14.2;
				MTL_ENABLE_DEBUG_INFO = NO;
				MTL_FAST_MATH = YES;
				SDKROOT = iphoneos;
				SWIFT_COMPILATION_MODE = wholemodule;
				SWIFT_OPTIMIZATION_LEVEL = "-O";
				VALIDATE_PRODUCT = YES;
			};
			name = Release;
		};
		88393A6625E79A1800BCC98D /* Debug */ = {
			isa = XCBuildConfiguration;
			buildSettings = {
				ASSETCATALOG_COMPILER_APPICON_NAME = AppIcon;
				ASSETCATALOG_COMPILER_GLOBAL_ACCENT_COLOR_NAME = AccentColor;
				CODE_SIGN_STYLE = Automatic;
				DEVELOPMENT_ASSET_PATHS = "\"SwiftUiDemo/Preview Content\"";
				DEVELOPMENT_TEAM = UMF7249LB9;
				ENABLE_PREVIEWS = YES;
				INFOPLIST_FILE = SwiftUiDemo/Info.plist;
				IPHONEOS_DEPLOYMENT_TARGET = 14.0;
				LD_RUNPATH_SEARCH_PATHS = (
					"$(inherited)",
					"@executable_path/Frameworks",
				);
				PRODUCT_BUNDLE_IDENTIFIER = test.SwiftUiDemo;
				PRODUCT_NAME = "$(TARGET_NAME)";
				SWIFT_VERSION = 5.0;
				TARGETED_DEVICE_FAMILY = "1,2";
			};
			name = Debug;
		};
		88393A6725E79A1800BCC98D /* Release */ = {
			isa = XCBuildConfiguration;
			buildSettings = {
				ASSETCATALOG_COMPILER_APPICON_NAME = AppIcon;
				ASSETCATALOG_COMPILER_GLOBAL_ACCENT_COLOR_NAME = AccentColor;
				CODE_SIGN_STYLE = Automatic;
				DEVELOPMENT_ASSET_PATHS = "\"SwiftUiDemo/Preview Content\"";
				DEVELOPMENT_TEAM = UMF7249LB9;
				ENABLE_PREVIEWS = YES;
				INFOPLIST_FILE = SwiftUiDemo/Info.plist;
				IPHONEOS_DEPLOYMENT_TARGET = 14.0;
				LD_RUNPATH_SEARCH_PATHS = (
					"$(inherited)",
					"@executable_path/Frameworks",
				);
				PRODUCT_BUNDLE_IDENTIFIER = test.SwiftUiDemo;
				PRODUCT_NAME = "$(TARGET_NAME)";
				SWIFT_VERSION = 5.0;
				TARGETED_DEVICE_FAMILY = "1,2";
			};
			name = Release;
		};
/* End XCBuildConfiguration section */

/* Begin XCConfigurationList section */
		88393A5125E79A1700BCC98D /* Build configuration list for PBXProject "SwiftUiDemo" */ = {
			isa = XCConfigurationList;
			buildConfigurations = (
				88393A6325E79A1800BCC98D /* Debug */,
				88393A6425E79A1800BCC98D /* Release */,
			);
			defaultConfigurationIsVisible = 0;
			defaultConfigurationName = Release;
		};
		88393A6525E79A1800BCC98D /* Build configuration list for PBXNativeTarget "SwiftUiDemo" */ = {
			isa = XCConfigurationList;
			buildConfigurations = (
				88393A6625E79A1800BCC98D /* Debug */,
				88393A6725E79A1800BCC98D /* Release */,
			);
			defaultConfigurationIsVisible = 0;
			defaultConfigurationName = Release;
		};
/* End XCConfigurationList section */
	};
	rootObject = 88393A4E25E79A1700BCC98D /* Project object */;
}
